
Microsoft Visual Studio Solution File, Format Version 11.00
# Visual Studio 2010
Project("{FAE04EC0-301F-11D3-BF4B-00C04F79EFBC}") = "Main", "Main\Main.csproj", "{AFDFA748-0BA6-482A-88E2-7EFC5DDB0B9D}"
EndProject
Project("{54435603-DBB4-11D2-8724-00A0C9A8B90C}") = "Amatrix Setup Service", "As_setp\As_setp.vdproj", "{582EC6E7-0206-4035-AB52-5E79A7091A1B}"
EndProject
Global
	GlobalSection(SolutionConfigurationPlatforms) = preSolution
		Debug|Any CPU = Debug|Any CPU
		Release|Any CPU = Release|Any CPU
	EndGlobalSection
	GlobalSection(ProjectConfigurationPlatforms) = postSolution
		{AFDFA748-0BA6-482A-88E2-7EFC5DDB0B9D}.Debug|Any CPU.ActiveCfg = Debug|Any CPU
		{AFDFA748-0BA6-482A-88E2-7EFC5DDB0B9D}.Debug|Any CPU.Build.0 = Debug|Any CPU
		{AFDFA748-0BA6-482A-88E2-7EFC5DDB0B9D}.Release|Any CPU.ActiveCfg = Release|Any CPU
		{AFDFA748-0BA6-482A-88E2-7EFC5DDB0B9D}.Release|Any CPU.Build.0 = Release|Any CPU
		{582EC6E7-0206-4035-AB52-5E79A7091A1B}.Debug|Any CPU.ActiveCfg = Debug
		{582EC6E7-0206-4035-AB52-5E79A7091A1B}.Release|Any CPU.ActiveCfg = Release
	EndGlobalSection
	GlobalSection(SolutionProperties) = preSolution
		HideSolutionNode = FALSE
	EndGlobalSection
EndGlobal
